
Microsoft Visual Studio Solution File, Format Version 12.00
# Visual Studio Version 17
VisualStudioVersion = 17.10.35122.118
MinimumVisualStudioVersion = 10.0.40219.1
Project("{FAE04EC0-301F-11D3-BF4B-00C04F79EFBC}") = "ResumeBuilder", "ResumeBuilder\ResumeBuilder.csproj", "{D51719F4-D30E-4F1B-B41C-4CB5A69DDAB3}"
EndProject
Global
	GlobalSection(SolutionConfigurationPlatforms) = preSolution
		Debug|Any CPU = Debug|Any CPU
		Release|Any CPU = Release|Any CPU
	EndGlobalSection
	GlobalSection(ProjectConfigurationPlatforms) = postSolution
		{D51719F4-D30E-4F1B-B41C-4CB5A69DDAB3}.Debug|Any CPU.ActiveCfg = Debug|Any CPU
		{D51719F4-D30E-4F1B-B41C-4CB5A69DDAB3}.Debug|Any CPU.Build.0 = Debug|Any CPU
		{D51719F4-D30E-4F1B-B41C-4CB5A69DDAB3}.Release|Any CPU.ActiveCfg = Release|Any CPU
		{D51719F4-D30E-4F1B-B41C-4CB5A69DDAB3}.Release|Any CPU.Build.0 = Release|Any CPU
	EndGlobalSection
	GlobalSection(SolutionProperties) = preSolution
		HideSolutionNode = FALSE
	EndGlobalSection
	GlobalSection(ExtensibilityGlobals) = postSolution
		SolutionGuid = {D73E0E8B-2295-4B7B-BBAA-CF9790846121}
	EndGlobalSection
EndGlobal
